
Microsoft Visual Studio Solution File, Format Version 12.00
# Visual Studio Version 17
VisualStudioVersion = 17.0.32014.148
MinimumVisualStudioVersion = 10.0.40219.1
Project("{FAE04EC0-301F-11D3-BF4B-00C04F79EFBC}") = "NET6_MVC_DataTables", "NET6_MVC_DataTables\NET6_MVC_DataTables.csproj", "{B40BB632-CD07-4BB9-918E-5202A1AE3580}"
EndProject
Global
	GlobalSection(SolutionConfigurationPlatforms) = preSolution
		Debug|Any CPU = Debug|Any CPU
		Release|Any CPU = Release|Any CPU
	EndGlobalSection
	GlobalSection(ProjectConfigurationPlatforms) = postSolution
		{B40BB632-CD07-4BB9-918E-5202A1AE3580}.Debug|Any CPU.ActiveCfg = Debug|Any CPU
		{B40BB632-CD07-4BB9-918E-5202A1AE3580}.Debug|Any CPU.Build.0 = Debug|Any CPU
		{B40BB632-CD07-4BB9-918E-5202A1AE3580}.Release|Any CPU.ActiveCfg = Release|Any CPU
		{B40BB632-CD07-4BB9-918E-5202A1AE3580}.Release|Any CPU.Build.0 = Release|Any CPU
	EndGlobalSection
	GlobalSection(SolutionProperties) = preSolution
		HideSolutionNode = FALSE
	EndGlobalSection
	GlobalSection(ExtensibilityGlobals) = postSolution
		SolutionGuid = {6D9F9821-5D8C-4C75-A79F-001DC4DD95BF}
	EndGlobalSection
EndGlobal
